
Microsoft Visual Studio Solution File, Format Version 12.00
# Visual Studio Version 16
VisualStudioVersion = 16.0.33927.289
MinimumVisualStudioVersion = 10.0.40219.1
Project("{2150E333-8FDC-42A3-9474-1A3956D46DE8}") = "Task5", "Task5", "{D08A0CBB-4705-41DE-91F8-D953FE72F24E}"
EndProject
Project("{FAE04EC0-301F-11D3-BF4B-00C04F79EFBC}") = "Tyuiu.GolubevDS.Sprint1.Task5.V2", "Tyuiu.GolubevDS.Sprint1.Task5.V2\Tyuiu.GolubevDS.Sprint1.Task5.V2.csproj", "{AE4A85A2-EE24-4142-B5CF-DDB8A895C3A9}"
EndProject
Project("{FAE04EC0-301F-11D3-BF4B-00C04F79EFBC}") = "Tyuiu.GolubevDS.Sprint1.Task5.V2.Lib", "Tyuiu.GolubevDS.Sprint1.Task5.V2.Lib\Tyuiu.GolubevDS.Sprint1.Task5.V2.Lib.csproj", "{C9547B53-1ECE-450A-B9FB-3FF1AE4F6B5F}"
EndProject
Project("{FAE04EC0-301F-11D3-BF4B-00C04F79EFBC}") = "Tyuiu.GolubevDS.Sprint1.Task5.V2.Test", "Tyuiu.GolubevDS.Sprint1.Task5.V2.Test\Tyuiu.GolubevDS.Sprint1.Task5.V2.Test.csproj", "{BCBC0756-5F70-45C4-929C-3A2B0DDA7A21}"
EndProject
Global
	GlobalSection(SolutionConfigurationPlatforms) = preSolution
		Debug|Any CPU = Debug|Any CPU
		Release|Any CPU = Release|Any CPU
	EndGlobalSection
	GlobalSection(ProjectConfigurationPlatforms) = postSolution
		{AE4A85A2-EE24-4142-B5CF-DDB8A895C3A9}.Debug|Any CPU.ActiveCfg = Debug|Any CPU
		{AE4A85A2-EE24-4142-B5CF-DDB8A895C3A9}.Debug|Any CPU.Build.0 = Debug|Any CPU
		{AE4A85A2-EE24-4142-B5CF-DDB8A895C3A9}.Release|Any CPU.ActiveCfg = Release|Any CPU
		{AE4A85A2-EE24-4142-B5CF-DDB8A895C3A9}.Release|Any CPU.Build.0 = Release|Any CPU
		{C9547B53-1ECE-450A-B9FB-3FF1AE4F6B5F}.Debug|Any CPU.ActiveCfg = Debug|Any CPU
		{C9547B53-1ECE-450A-B9FB-3FF1AE4F6B5F}.Debug|Any CPU.Build.0 = Debug|Any CPU
		{C9547B53-1ECE-450A-B9FB-3FF1AE4F6B5F}.Release|Any CPU.ActiveCfg = Release|Any CPU
		{C9547B53-1ECE-450A-B9FB-3FF1AE4F6B5F}.Release|Any CPU.Build.0 = Release|Any CPU
		{BCBC0756-5F70-45C4-929C-3A2B0DDA7A21}.Debug|Any CPU.ActiveCfg = Debug|Any CPU
		{BCBC0756-5F70-45C4-929C-3A2B0DDA7A21}.Debug|Any CPU.Build.0 = Debug|Any CPU
		{BCBC0756-5F70-45C4-929C-3A2B0DDA7A21}.Release|Any CPU.ActiveCfg = Release|Any CPU
		{BCBC0756-5F70-45C4-929C-3A2B0DDA7A21}.Release|Any CPU.Build.0 = Release|Any CPU
	EndGlobalSection
	GlobalSection(SolutionProperties) = preSolution
		HideSolutionNode = FALSE
	EndGlobalSection
	GlobalSection(NestedProjects) = preSolution
		{AE4A85A2-EE24-4142-B5CF-DDB8A895C3A9} = {D08A0CBB-4705-41DE-91F8-D953FE72F24E}
		{C9547B53-1ECE-450A-B9FB-3FF1AE4F6B5F} = {D08A0CBB-4705-41DE-91F8-D953FE72F24E}
		{BCBC0756-5F70-45C4-929C-3A2B0DDA7A21} = {D08A0CBB-4705-41DE-91F8-D953FE72F24E}
	EndGlobalSection
	GlobalSection(ExtensibilityGlobals) = postSolution
		SolutionGuid = {2BA3781D-98FC-467C-B00A-771684DDE76C}
	EndGlobalSection
EndGlobal
